
Microsoft Visual Studio Solution File, Format Version 12.00
# Visual Studio Version 16
VisualStudioVersion = 16.0.30309.148
MinimumVisualStudioVersion = 10.0.40219.1
Project("{8BC9CEB8-8B4A-11D0-8D11-00A0C91BC942}") = "C++", "C++\C++.vcxproj", "{DB8605DC-EF82-47B8-8A36-F15E0A724702}"
EndProject
Global
	GlobalSection(SolutionConfigurationPlatforms) = preSolution
		Debug|x64 = Debug|x64
		Debug|x86 = Debug|x86
		Release|x64 = Release|x64
		Release|x86 = Release|x86
	EndGlobalSection
	GlobalSection(ProjectConfigurationPlatforms) = postSolution
		{DB8605DC-EF82-47B8-8A36-F15E0A724702}.Debug|x64.ActiveCfg = Debug|x64
		{DB8605DC-EF82-47B8-8A36-F15E0A724702}.Debug|x64.Build.0 = Debug|x64
		{DB8605DC-EF82-47B8-8A36-F15E0A724702}.Debug|x86.ActiveCfg = Debug|Win32
		{DB8605DC-EF82-47B8-8A36-F15E0A724702}.Debug|x86.Build.0 = Debug|Win32
		{DB8605DC-EF82-47B8-8A36-F15E0A724702}.Release|x64.ActiveCfg = Release|x64
		{DB8605DC-EF82-47B8-8A36-F15E0A724702}.Release|x64.Build.0 = Release|x64
		{DB8605DC-EF82-47B8-8A36-F15E0A724702}.Release|x86.ActiveCfg = Release|Win32
		{DB8605DC-EF82-47B8-8A36-F15E0A724702}.Release|x86.Build.0 = Release|Win32
	EndGlobalSection
	GlobalSection(SolutionProperties) = preSolution
		HideSolutionNode = FALSE
	EndGlobalSection
	GlobalSection(ExtensibilityGlobals) = postSolution
		SolutionGuid = {B198B3E9-45DC-4F6B-A57A-EE420A35A59D}
	EndGlobalSection
EndGlobal
